
Microsoft Visual Studio Solution File, Format Version 12.00
# Visual Studio Version 16
VisualStudioVersion = 16.0.31402.337
MinimumVisualStudioVersion = 10.0.40219.1
Project("{FAE04EC0-301F-11D3-BF4B-00C04F79EFBC}") = "Dietetyka", "Dietetyka\Dietetyka.csproj", "{CD222EB0-D267-43FD-B87E-9843977C8FA0}"
EndProject
Global
	GlobalSection(SolutionConfigurationPlatforms) = preSolution
		Debug|Any CPU = Debug|Any CPU
		Release|Any CPU = Release|Any CPU
	EndGlobalSection
	GlobalSection(ProjectConfigurationPlatforms) = postSolution
		{CD222EB0-D267-43FD-B87E-9843977C8FA0}.Debug|Any CPU.ActiveCfg = Debug|Any CPU
		{CD222EB0-D267-43FD-B87E-9843977C8FA0}.Debug|Any CPU.Build.0 = Debug|Any CPU
		{CD222EB0-D267-43FD-B87E-9843977C8FA0}.Release|Any CPU.ActiveCfg = Release|Any CPU
		{CD222EB0-D267-43FD-B87E-9843977C8FA0}.Release|Any CPU.Build.0 = Release|Any CPU
	EndGlobalSection
	GlobalSection(SolutionProperties) = preSolution
		HideSolutionNode = FALSE
	EndGlobalSection
	GlobalSection(ExtensibilityGlobals) = postSolution
		SolutionGuid = {258D8D0C-EEB2-4274-84AD-DC8DA56B80AB}
	EndGlobalSection
EndGlobal
